
Microsoft Visual Studio Solution File, Format Version 12.00
# Visual Studio 15
VisualStudioVersion = 15.0.27703.2035
MinimumVisualStudioVersion = 10.0.40219.1
Project("{FAE04EC0-301F-11D3-BF4B-00C04F79EFBC}") = "App4.Android", "App4\App4.Android\App4.Android.csproj", "{4C9C7806-B9E6-4CA4-9DF9-B698887AEEA7}"
EndProject
Project("{FAE04EC0-301F-11D3-BF4B-00C04F79EFBC}") = "App4", "App4\App4\App4.csproj", "{F55C5BC8-341F-4756-9265-D58DC08784DA}"
EndProject
Global
	GlobalSection(SolutionConfigurationPlatforms) = preSolution
		Debug|Any CPU = Debug|Any CPU
		Release|Any CPU = Release|Any CPU
	EndGlobalSection
	GlobalSection(ProjectConfigurationPlatforms) = postSolution
		{4C9C7806-B9E6-4CA4-9DF9-B698887AEEA7}.Debug|Any CPU.ActiveCfg = Debug|Any CPU
		{4C9C7806-B9E6-4CA4-9DF9-B698887AEEA7}.Debug|Any CPU.Build.0 = Debug|Any CPU
		{4C9C7806-B9E6-4CA4-9DF9-B698887AEEA7}.Debug|Any CPU.Deploy.0 = Debug|Any CPU
		{4C9C7806-B9E6-4CA4-9DF9-B698887AEEA7}.Release|Any CPU.ActiveCfg = Release|Any CPU
		{4C9C7806-B9E6-4CA4-9DF9-B698887AEEA7}.Release|Any CPU.Build.0 = Release|Any CPU
		{4C9C7806-B9E6-4CA4-9DF9-B698887AEEA7}.Release|Any CPU.Deploy.0 = Release|Any CPU
		{F55C5BC8-341F-4756-9265-D58DC08784DA}.Debug|Any CPU.ActiveCfg = Debug|Any CPU
		{F55C5BC8-341F-4756-9265-D58DC08784DA}.Debug|Any CPU.Build.0 = Debug|Any CPU
		{F55C5BC8-341F-4756-9265-D58DC08784DA}.Debug|Any CPU.Deploy.0 = Debug|Any CPU
		{F55C5BC8-341F-4756-9265-D58DC08784DA}.Release|Any CPU.ActiveCfg = Release|Any CPU
		{F55C5BC8-341F-4756-9265-D58DC08784DA}.Release|Any CPU.Build.0 = Release|Any CPU
		{F55C5BC8-341F-4756-9265-D58DC08784DA}.Release|Any CPU.Deploy.0 = Release|Any CPU
	EndGlobalSection
	GlobalSection(SolutionProperties) = preSolution
		HideSolutionNode = FALSE
	EndGlobalSection
	GlobalSection(ExtensibilityGlobals) = postSolution
		SolutionGuid = {795ACBC0-24C8-4F5A-A99D-ACD2A0D1A663}
	EndGlobalSection
EndGlobal
